// !$*UTF8*$!
{
	archiveVersion = 1;
	classes = {
	};
	objectVersion = 51;
	objects = {

/* Begin PBXBuildFile section */
		010187552489895E00054841 /* StoreKit.framework in Frameworks */ = {isa = PBXBuildFile; fileRef = 010187542489895E00054841 /* StoreKit.framework */; };
		012BC952247856DB0035F068 /* Person+CoreDataClass.swift in Sources */ = {isa = PBXBuildFile; fileRef = 012BC950247856DB0035F068 /* Person+CoreDataClass.swift */; };
		012BC953247856DB0035F068 /* Person+CoreDataProperties.swift in Sources */ = {isa = PBXBuildFile; fileRef = 012BC951247856DB0035F068 /* Person+CoreDataProperties.swift */; };
		012BC95824785FC30035F068 /* Person.swift in Sources */ = {isa = PBXBuildFile; fileRef = 012BC95724785FC30035F068 /* Person.swift */; };
		012BC95A247863BB0035F068 /* PersistenceService.swift in Sources */ = {isa = PBXBuildFile; fileRef = 012BC959247863BB0035F068 /* PersistenceService.swift */; };
		012BC966247A27E40035F068 /* RadioButton.swift in Sources */ = {isa = PBXBuildFile; fileRef = 012BC965247A27E40035F068 /* RadioButton.swift */; };
		0146A1A0259711FB00B47E9D /* selectEventsViewController.swift in Sources */ = {isa = PBXBuildFile; fileRef = 0146A19C259711FB00B47E9D /* selectEventsViewController.swift */; };
		0146A1A1259711FB00B47E9D /* questionsViewController.swift in Sources */ = {isa = PBXBuildFile; fileRef = 0146A19D259711FB00B47E9D /* questionsViewController.swift */; };
		0146A1A2259711FB00B47E9D /* landingViewController.swift in Sources */ = {isa = PBXBuildFile; fileRef = 0146A19E259711FB00B47E9D /* landingViewController.swift */; };
		0146A1A3259711FB00B47E9D /* eventTableViewCell.swift in Sources */ = {isa = PBXBuildFile; fileRef = 0146A19F259711FB00B47E9D /* eventTableViewCell.swift */; };
		0146A1AA2597124900B47E9D /* profileTableViewCell.swift in Sources */ = {isa = PBXBuildFile; fileRef = 0146A1A82597124900B47E9D /* profileTableViewCell.swift */; };
		0146A1AB2597124900B47E9D /* profileViewController.swift in Sources */ = {isa = PBXBuildFile; fileRef = 0146A1A92597124900B47E9D /* profileViewController.swift */; };
		0146A1B92597126C00B47E9D /* ViewController.swift in Sources */ = {isa = PBXBuildFile; fileRef = 0146A1B02597126C00B47E9D /* ViewController.swift */; };
		0146A1BA2597126C00B47E9D /* smallCollectionViewCell.xib in Resources */ = {isa = PBXBuildFile; fileRef = 0146A1B12597126C00B47E9D /* smallCollectionViewCell.xib */; };
		0146A1BB2597126C00B47E9D /* smallCellView.swift in Sources */ = {isa = PBXBuildFile; fileRef = 0146A1B22597126C00B47E9D /* smallCellView.swift */; };
		0146A1BC2597126C00B47E9D /* smallRecTableViewCell.swift in Sources */ = {isa = PBXBuildFile; fileRef = 0146A1B32597126C00B47E9D /* smallRecTableViewCell.swift */; };
		0146A1BD2597126C00B47E9D /* smallCollectionViewCell.swift in Sources */ = {isa = PBXBuildFile; fileRef = 0146A1B42597126C00B47E9D /* smallCollectionViewCell.swift */; };
		0146A1BE2597126C00B47E9D /* topCellView.swift in Sources */ = {isa = PBXBuildFile; fileRef = 0146A1B52597126C00B47E9D /* topCellView.swift */; };
		0146A1BF2597126C00B47E9D /* topCollectionViewCell.xib in Resources */ = {isa = PBXBuildFile; fileRef = 0146A1B62597126C00B47E9D /* topCollectionViewCell.xib */; };
		0146A1C02597126C00B47E9D /* topRecCollectionViewCell.swift in Sources */ = {isa = PBXBuildFile; fileRef = 0146A1B72597126C00B47E9D /* topRecCollectionViewCell.swift */; };
		0146A1C12597126C00B47E9D /* topRecTableViewCell.swift in Sources */ = {isa = PBXBuildFile; fileRef = 0146A1B82597126C00B47E9D /* topRecTableViewCell.swift */; };
		0146A1C82597127400B47E9D /* searchTableViewController.swift in Sources */ = {isa = PBXBuildFile; fileRef = 0146A1C62597127400B47E9D /* searchTableViewController.swift */; };
		0146A1C92597127400B47E9D /* searchTableViewCell.swift in Sources */ = {isa = PBXBuildFile; fileRef = 0146A1C72597127400B47E9D /* searchTableViewCell.swift */; };
		0146A1CF2597127C00B47E9D /* uniInfoViewController.swift in Sources */ = {isa = PBXBuildFile; fileRef = 0146A1CE2597127B00B47E9D /* uniInfoViewController.swift */; };
		01879B1D2484BFD900C1F8FE /* newFullData.csv in Resources */ = {isa = PBXBuildFile; fileRef = 01879B1C2484BFD900C1F8FE /* newFullData.csv */; };
		01879B1F2487019B00C1F8FE /* Proxima Nova Thin.otf in Resources */ = {isa = PBXBuildFile; fileRef = 01879B1E2487019B00C1F8FE /* Proxima Nova Thin.otf */; };
		01879B212487021900C1F8FE /* Proxima Nova Alt Light.otf in Resources */ = {isa = PBXBuildFile; fileRef = 01879B202487021900C1F8FE /* Proxima Nova Alt Light.otf */; };
		01879B23248709A700C1F8FE /* ProximaNova-Regular.otf in Resources */ = {isa = PBXBuildFile; fileRef = 01879B22248709A700C1F8FE /* ProximaNova-Regular.otf */; };
		0196FC883D1C6886EA0CA158 /* Pods_PheidiTests.framework in Frameworks */ = {isa = PBXBuildFile; fileRef = FFB5CBFDA439949C5ABA6B0A /* Pods_PheidiTests.framework */; };
		01BA27B92551F4BC00923E88 /* GoogleService-Info.plist in Resources */ = {isa = PBXBuildFile; fileRef = 01BA27B82551F4BC00923E88 /* GoogleService-Info.plist */; };
		01BA296825639B3500923E88 /* full_data.csv in Resources */ = {isa = PBXBuildFile; fileRef = 01BA296725639B3500923E88 /* full_data.csv */; };
		01C9538C247F5DA900723438 /* finalPheidiDataDivision.csv in Resources */ = {isa = PBXBuildFile; fileRef = 01C9538B247F5DA900723438 /* finalPheidiDataDivision.csv */; };
		01D876BD247C6C1B003B907B /* University.swift in Sources */ = {isa = PBXBuildFile; fileRef = 01D876BC247C6C1B003B907B /* University.swift */; };
		01F71F80246A4FCD007CEFAA /* AppDelegate.swift in Sources */ = {isa = PBXBuildFile; fileRef = 01F71F7F246A4FCD007CEFAA /* AppDelegate.swift */; };
		01F71F82246A4FCD007CEFAA /* SceneDelegate.swift in Sources */ = {isa = PBXBuildFile; fileRef = 01F71F81246A4FCD007CEFAA /* SceneDelegate.swift */; };
		01F71F89246A4FCD007CEFAA /* Main.storyboard in Resources */ = {isa = PBXBuildFile; fileRef = 01F71F87246A4FCD007CEFAA /* Main.storyboard */; };
		01F71F8C246A4FCD007CEFAA /* Pheidi.xcdatamodeld in Sources */ = {isa = PBXBuildFile; fileRef = 01F71F8A246A4FCD007CEFAA /* Pheidi.xcdatamodeld */; };
		01F71F8E246A4FCF007CEFAA /* Assets.xcassets in Resources */ = {isa = PBXBuildFile; fileRef = 01F71F8D246A4FCF007CEFAA /* Assets.xcassets */; };
		01F71F91246A4FCF007CEFAA /* LaunchScreen.storyboard in Resources */ = {isa = PBXBuildFile; fileRef = 01F71F8F246A4FCF007CEFAA /* LaunchScreen.storyboard */; };
		01F71F9C246A4FCF007CEFAA /* PheidiTests.swift in Sources */ = {isa = PBXBuildFile; fileRef = 01F71F9B246A4FCF007CEFAA /* PheidiTests.swift */; };
		01F71FA7246A4FCF007CEFAA /* PheidiUITests.swift in Sources */ = {isa = PBXBuildFile; fileRef = 01F71FA6246A4FCF007CEFAA /* PheidiUITests.swift */; };
		01F71FB6246A5041007CEFAA /* Colors.swift in Sources */ = {isa = PBXBuildFile; fileRef = 01F71FB5246A5041007CEFAA /* Colors.swift */; };
		01F71FB9246A5343007CEFAA /* Proxima Nova Bold.otf in Resources */ = {isa = PBXBuildFile; fileRef = 01F71FB8246A5343007CEFAA /* Proxima Nova Bold.otf */; };
		01F71FBB246A5351007CEFAA /* Proxima Nova Alt Bold.otf in Resources */ = {isa = PBXBuildFile; fileRef = 01F71FBA246A5351007CEFAA /* Proxima Nova Alt Bold.otf */; };
		01F71FC5246BA705007CEFAA /* iOSDropDown.framework in Frameworks */ = {isa = PBXBuildFile; fileRef = 01F71FC4246BA705007CEFAA /* iOSDropDown.framework */; };
		01FD1169247C9772002467F6 /* finalPheidiData.csv in Resources */ = {isa = PBXBuildFile; fileRef = 01FD1168247C9772002467F6 /* finalPheidiData.csv */; };
		A95D289665CB0A69A8DF2750 /* Pods_Pheidi.framework in Frameworks */ = {isa = PBXBuildFile; fileRef = 275BC19D2D61A4BB3020D96F /* Pods_Pheidi.framework */; };
		B31C92730307CCD8C0F6949D /* Pods_PheidiUITests.framework in Frameworks */ = {isa = PBXBuildFile; fileRef = 6C761D1CBD52A228DD8853B4 /* Pods_PheidiUITests.framework */; };
/* End PBXBuildFile section */

/* Begin PBXContainerItemProxy section */
		01F71F98246A4FCF007CEFAA /* PBXContainerItemProxy */ = {
			isa = PBXContainerItemProxy;
			containerPortal = 01F71F74246A4FCD007CEFAA /* Project object */;
			proxyType = 1;
			remoteGlobalIDString = 01F71F7B246A4FCD007CEFAA;
			remoteInfo = Pheidi;
		};
		01F71FA3246A4FCF007CEFAA /* PBXContainerItemProxy */ = {
			isa = PBXContainerItemProxy;
			containerPortal = 01F71F74246A4FCD007CEFAA /* Project object */;
			proxyType = 1;
			remoteGlobalIDString = 01F71F7B246A4FCD007CEFAA;
			remoteInfo = Pheidi;
		};
/* End PBXContainerItemProxy section */

/* Begin PBXCopyFilesBuildPhase section */
		01018768248C9E1200054841 /* Embed App Extensions */ = {
			isa = PBXCopyFilesBuildPhase;
			buildActionMask = 2147483647;
			dstPath = "";
			dstSubfolderSpec = 13;
			files = (
			);
			name = "Embed App Extensions";
			runOnlyForDeploymentPostprocessing = 0;
		};
/* End PBXCopyFilesBuildPhase section */

/* Begin PBXFileReference section */
		010187542489895E00054841 /* StoreKit.framework */ = {isa = PBXFileReference; lastKnownFileType = wrapper.framework; name = StoreKit.framework; path = System/Library/Frameworks/StoreKit.framework; sourceTree = SDKROOT; };
		012BC950247856DB0035F068 /* Person+CoreDataClass.swift */ = {isa = PBXFileReference; lastKnownFileType = sourcecode.swift; path = "Person+CoreDataClass.swift"; sourceTree = "<group>"; };
		012BC951247856DB0035F068 /* Person+CoreDataProperties.swift */ = {isa = PBXFileReference; lastKnownFileType = sourcecode.swift; path = "Person+CoreDataProperties.swift"; sourceTree = "<group>"; };
		012BC95724785FC30035F068 /* Person.swift */ = {isa = PBXFileReference; lastKnownFileType = sourcecode.swift; path = Person.swift; sourceTree = "<group>"; };
		012BC959247863BB0035F068 /* PersistenceService.swift */ = {isa = PBXFileReference; lastKnownFileType = sourcecode.swift; path = PersistenceService.swift; sourceTree = "<group>"; };
		012BC965247A27E40035F068 /* RadioButton.swift */ = {isa = PBXFileReference; lastKnownFileType = sourcecode.swift; path = RadioButton.swift; sourceTree = "<group>"; };
		0146A19C259711FB00B47E9D /* selectEventsViewController.swift */ = {isa = PBXFileReference; fileEncoding = 4; lastKnownFileType = sourcecode.swift; path = selectEventsViewController.swift; sourceTree = "<group>"; };
		0146A19D259711FB00B47E9D /* questionsViewController.swift */ = {isa = PBXFileReference; fileEncoding = 4; lastKnownFileType = sourcecode.swift; path = questionsViewController.swift; sourceTree = "<group>"; };
		0146A19E259711FB00B47E9D /* landingViewController.swift */ = {isa = PBXFileReference; fileEncoding = 4; lastKnownFileType = sourcecode.swift; path = landingViewController.swift; sourceTree = "<group>"; };
		0146A19F259711FB00B47E9D /* eventTableViewCell.swift */ = {isa = PBXFileReference; fileEncoding = 4; lastKnownFileType = sourcecode.swift; path = eventTableViewCell.swift; sourceTree = "<group>"; };
		0146A1A82597124900B47E9D /* profileTableViewCell.swift */ = {isa = PBXFileReference; fileEncoding = 4; lastKnownFileType = sourcecode.swift; path = profileTableViewCell.swift; sourceTree = "<group>"; };
		0146A1A92597124900B47E9D /* profileViewController.swift */ = {isa = PBXFileReference; fileEncoding = 4; lastKnownFileType = sourcecode.swift; path = profileViewController.swift; sourceTree = "<group>"; };
		0146A1B02597126C00B47E9D /* ViewController.swift */ = {isa = PBXFileReference; fileEncoding = 4; lastKnownFileType = sourcecode.swift; path = ViewController.swift; sourceTree = "<group>"; };
		0146A1B12597126C00B47E9D /* smallCollectionViewCell.xib */ = {isa = PBXFileReference; fileEncoding = 4; lastKnownFileType = file.xib; path = smallCollectionViewCell.xib; sourceTree = "<group>"; };
		0146A1B22597126C00B47E9D /* smallCellView.swift */ = {isa = PBXFileReference; fileEncoding = 4; lastKnownFileType = sourcecode.swift; path = smallCellView.swift; sourceTree = "<group>"; };
		0146A1B32597126C00B47E9D /* smallRecTableViewCell.swift */ = {isa = PBXFileReference; fileEncoding = 4; lastKnownFileType = sourcecode.swift; path = smallRecTableViewCell.swift; sourceTree = "<group>"; };
		0146A1B42597126C00B47E9D /* smallCollectionViewCell.swift */ = {isa = PBXFileReference; fileEncoding = 4; lastKnownFileType = sourcecode.swift; path = smallCollectionViewCell.swift; sourceTree = "<group>"; };
		0146A1B52597126C00B47E9D /* topCellView.swift */ = {isa = PBXFileReference; fileEncoding = 4; lastKnownFileType = sourcecode.swift; path = topCellView.swift; sourceTree = "<group>"; };
		0146A1B62597126C00B47E9D /* topCollectionViewCell.xib */ = {isa = PBXFileReference; fileEncoding = 4; lastKnownFileType = file.xib; path = topCollectionViewCell.xib; sourceTree = "<group>"; };
		0146A1B72597126C00B47E9D /* topRecCollectionViewCell.swift */ = {isa = PBXFileReference; fileEncoding = 4; lastKnownFileType = sourcecode.swift; path = topRecCollectionViewCell.swift; sourceTree = "<group>"; };
		0146A1B82597126C00B47E9D /* topRecTableViewCell.swift */ = {isa = PBXFileReference; fileEncoding = 4; lastKnownFileType = sourcecode.swift; path = topRecTableViewCell.swift; sourceTree = "<group>"; };
		0146A1C62597127400B47E9D /* searchTableViewController.swift */ = {isa = PBXFileReference; fileEncoding = 4; lastKnownFileType = sourcecode.swift; path = searchTableViewController.swift; sourceTree = "<group>"; };
		0146A1C72597127400B47E9D /* searchTableViewCell.swift */ = {isa = PBXFileReference; fileEncoding = 4; lastKnownFileType = sourcecode.swift; path = searchTableViewCell.swift; sourceTree = "<group>"; };
		0146A1CE2597127B00B47E9D /* uniInfoViewController.swift */ = {isa = PBXFileReference; fileEncoding = 4; lastKnownFileType = sourcecode.swift; path = uniInfoViewController.swift; sourceTree = "<group>"; };
		01879B1C2484BFD900C1F8FE /* newFullData.csv */ = {isa = PBXFileReference; fileEncoding = 4; lastKnownFileType = text; path = newFullData.csv; sourceTree = "<group>"; };
		01879B1E2487019B00C1F8FE /* Proxima Nova Thin.otf */ = {isa = PBXFileReference; lastKnownFileType = file; path = "Proxima Nova Thin.otf"; sourceTree = "<group>"; };
		01879B202487021900C1F8FE /* Proxima Nova Alt Light.otf */ = {isa = PBXFileReference; lastKnownFileType = file; path = "Proxima Nova Alt Light.otf"; sourceTree = "<group>"; };
		01879B22248709A700C1F8FE /* ProximaNova-Regular.otf */ = {isa = PBXFileReference; lastKnownFileType = file; path = "ProximaNova-Regular.otf"; sourceTree = "<group>"; };
		01BA27B82551F4BC00923E88 /* GoogleService-Info.plist */ = {isa = PBXFileReference; fileEncoding = 4; lastKnownFileType = text.plist.xml; path = "GoogleService-Info.plist"; sourceTree = "<group>"; };
		01BA28362552069F00923E88 /* Pheidi.entitlements */ = {isa = PBXFileReference; lastKnownFileType = text.plist.entitlements; path = Pheidi.entitlements; sourceTree = "<group>"; };
		01BA296725639B3500923E88 /* full_data.csv */ = {isa = PBXFileReference; fileEncoding = 4; lastKnownFileType = text; path = full_data.csv; sourceTree = "<group>"; };
		01C9538B247F5DA900723438 /* finalPheidiDataDivision.csv */ = {isa = PBXFileReference; fileEncoding = 4; lastKnownFileType = text; path = finalPheidiDataDivision.csv; sourceTree = "<group>"; };
		01D876BC247C6C1B003B907B /* University.swift */ = {isa = PBXFileReference; lastKnownFileType = sourcecode.swift; path = University.swift; sourceTree = "<group>"; };
		01F71F7C246A4FCD007CEFAA /* Pheidi.app */ = {isa = PBXFileReference; explicitFileType = wrapper.application; includeInIndex = 0; path = Pheidi.app; sourceTree = BUILT_PRODUCTS_DIR; };
		01F71F7F246A4FCD007CEFAA /* AppDelegate.swift */ = {isa = PBXFileReference; lastKnownFileType = sourcecode.swift; path = AppDelegate.swift; sourceTree = "<group>"; };
		01F71F81246A4FCD007CEFAA /* SceneDelegate.swift */ = {isa = PBXFileReference; lastKnownFileType = sourcecode.swift; path = SceneDelegate.swift; sourceTree = "<group>"; };
		01F71F88246A4FCD007CEFAA /* Base */ = {isa = PBXFileReference; lastKnownFileType = file.storyboard; name = Base; path = Base.lproj/Main.storyboard; sourceTree = "<group>"; };
		01F71F8B246A4FCD007CEFAA /* Pheidi.xcdatamodel */ = {isa = PBXFileReference; lastKnownFileType = wrapper.xcdatamodel; path = Pheidi.xcdatamodel; sourceTree = "<group>"; };
		01F71F8D246A4FCF007CEFAA /* Assets.xcassets */ = {isa = PBXFileReference; lastKnownFileType = folder.assetcatalog; path = Assets.xcassets; sourceTree = "<group>"; };
		01F71F90246A4FCF007CEFAA /* Base */ = {isa = PBXFileReference; lastKnownFileType = file.storyboard; name = Base; path = Base.lproj/LaunchScreen.storyboard; sourceTree = "<group>"; };
		01F71F92246A4FCF007CEFAA /* Info.plist */ = {isa = PBXFileReference; lastKnownFileType = text.plist.xml; path = Info.plist; sourceTree = "<group>"; };
		01F71F97246A4FCF007CEFAA /* PheidiTests.xctest */ = {isa = PBXFileReference; explicitFileType = wrapper.cfbundle; includeInIndex = 0; path = PheidiTests.xctest; sourceTree = BUILT_PRODUCTS_DIR; };
		01F71F9B246A4FCF007CEFAA /* PheidiTests.swift */ = {isa = PBXFileReference; lastKnownFileType = sourcecode.swift; path = PheidiTests.swift; sourceTree = "<group>"; };
		01F71F9D246A4FCF007CEFAA /* Info.plist */ = {isa = PBXFileReference; lastKnownFileType = text.plist.xml; path = Info.plist; sourceTree = "<group>"; };
		01F71FA2246A4FCF007CEFAA /* PheidiUITests.xctest */ = {isa = PBXFileReference; explicitFileType = wrapper.cfbundle; includeInIndex = 0; path = PheidiUITests.xctest; sourceTree = BUILT_PRODUCTS_DIR; };
		01F71FA6246A4FCF007CEFAA /* PheidiUITests.swift */ = {isa = PBXFileReference; lastKnownFileType = sourcecode.swift; path = PheidiUITests.swift; sourceTree = "<group>"; };
		01F71FA8246A4FCF007CEFAA /* Info.plist */ = {isa = PBXFileReference; lastKnownFileType = text.plist.xml; path = Info.plist; sourceTree = "<group>"; };
		01F71FB5246A5041007CEFAA /* Colors.swift */ = {isa = PBXFileReference; lastKnownFileType = sourcecode.swift; path = Colors.swift; sourceTree = "<group>"; };
		01F71FB8246A5343007CEFAA /* Proxima Nova Bold.otf */ = {isa = PBXFileReference; lastKnownFileType = file; path = "Proxima Nova Bold.otf"; sourceTree = "<group>"; };
		01F71FBA246A5351007CEFAA /* Proxima Nova Alt Bold.otf */ = {isa = PBXFileReference; lastKnownFileType = file; path = "Proxima Nova Alt Bold.otf"; sourceTree = "<group>"; };
		01F71FC4246BA705007CEFAA /* iOSDropDown.framework */ = {isa = PBXFileReference; explicitFileType = wrapper.framework; path = iOSDropDown.framework; sourceTree = BUILT_PRODUCTS_DIR; };
		01FD1168247C9772002467F6 /* finalPheidiData.csv */ = {isa = PBXFileReference; fileEncoding = 4; lastKnownFileType = text; path = finalPheidiData.csv; sourceTree = "<group>"; };
		1EEE8B316400B7103E4276F0 /* Pods-Pheidi.debug.xcconfig */ = {isa = PBXFileReference; includeInIndex = 1; lastKnownFileType = text.xcconfig; name = "Pods-Pheidi.debug.xcconfig"; path = "Target Support Files/Pods-Pheidi/Pods-Pheidi.debug.xcconfig"; sourceTree = "<group>"; };
		275BC19D2D61A4BB3020D96F /* Pods_Pheidi.framework */ = {isa = PBXFileReference; explicitFileType = wrapper.framework; includeInIndex = 0; path = Pods_Pheidi.framework; sourceTree = BUILT_PRODUCTS_DIR; };
		2B981867DE6B7C7A11455082 /* Pods-Pheidi.release.xcconfig */ = {isa = PBXFileReference; includeInIndex = 1; lastKnownFileType = text.xcconfig; name = "Pods-Pheidi.release.xcconfig"; path = "Target Support Files/Pods-Pheidi/Pods-Pheidi.release.xcconfig"; sourceTree = "<group>"; };
		497E26C42B628553A79808EB /* Pods-PheidiUITests.release.xcconfig */ = {isa = PBXFileReference; includeInIndex = 1; lastKnownFileType = text.xcconfig; name = "Pods-PheidiUITests.release.xcconfig"; path = "Target Support Files/Pods-PheidiUITests/Pods-PheidiUITests.release.xcconfig"; sourceTree = "<group>"; };
		5130B99167B4F9481B154C27 /* Pods-PheidiUITests.debug.xcconfig */ = {isa = PBXFileReference; includeInIndex = 1; lastKnownFileType = text.xcconfig; name = "Pods-PheidiUITests.debug.xcconfig"; path = "Target Support Files/Pods-PheidiUITests/Pods-PheidiUITests.debug.xcconfig"; sourceTree = "<group>"; };
		6C761D1CBD52A228DD8853B4 /* Pods_PheidiUITests.framework */ = {isa = PBXFileReference; explicitFileType = wrapper.framework; includeInIndex = 0; path = Pods_PheidiUITests.framework; sourceTree = BUILT_PRODUCTS_DIR; };
		84027B0CDB33492C0DB0E551 /* Pods-PheidiTests.release.xcconfig */ = {isa = PBXFileReference; includeInIndex = 1; lastKnownFileType = text.xcconfig; name = "Pods-PheidiTests.release.xcconfig"; path = "Target Support Files/Pods-PheidiTests/Pods-PheidiTests.release.xcconfig"; sourceTree = "<group>"; };
		EE3B1136C2BA1CC86A3645D6 /* Pods-PheidiTests.debug.xcconfig */ = {isa = PBXFileReference; includeInIndex = 1; lastKnownFileType = text.xcconfig; name = "Pods-PheidiTests.debug.xcconfig"; path = "Target Support Files/Pods-PheidiTests/Pods-PheidiTests.debug.xcconfig"; sourceTree = "<group>"; };
		FFB5CBFDA439949C5ABA6B0A /* Pods_PheidiTests.framework */ = {isa = PBXFileReference; explicitFileType = wrapper.framework; includeInIndex = 0; path = Pods_PheidiTests.framework; sourceTree = BUILT_PRODUCTS_DIR; };
/* End PBXFileReference section */

/* Begin PBXFrameworksBuildPhase section */
		01F71F79246A4FCD007CEFAA /* Frameworks */ = {
			isa = PBXFrameworksBuildPhase;
			buildActionMask = 2147483647;
			files = (
				010187552489895E00054841 /* StoreKit.framework in Frameworks */,
				01F71FC5246BA705007CEFAA /* iOSDropDown.framework in Frameworks */,
				A95D289665CB0A69A8DF2750 /* Pods_Pheidi.framework in Frameworks */,
			);
			runOnlyForDeploymentPostprocessing = 0;
		};
		01F71F94246A4FCF007CEFAA /* Frameworks */ = {
			isa = PBXFrameworksBuildPhase;
			buildActionMask = 2147483647;
			files = (
				0196FC883D1C6886EA0CA158 /* Pods_PheidiTests.framework in Frameworks */,
			);
			runOnlyForDeploymentPostprocessing = 0;
		};
		01F71F9F246A4FCF007CEFAA /* Frameworks */ = {
			isa = PBXFrameworksBuildPhase;
			buildActionMask = 2147483647;
			files = (
				B31C92730307CCD8C0F6949D /* Pods_PheidiUITests.framework in Frameworks */,
			);
			runOnlyForDeploymentPostprocessing = 0;
		};
/* End PBXFrameworksBuildPhase section */

/* Begin PBXGroup section */
		012BC95624785FA40035F068 /* Model */ = {
			isa = PBXGroup;
			children = (
				01BA296725639B3500923E88 /* full_data.csv */,
				01879B1C2484BFD900C1F8FE /* newFullData.csv */,
				01C9538B247F5DA900723438 /* finalPheidiDataDivision.csv */,
				01FD1168247C9772002467F6 /* finalPheidiData.csv */,
				01F71F8A246A4FCD007CEFAA /* Pheidi.xcdatamodeld */,
				012BC951247856DB0035F068 /* Person+CoreDataProperties.swift */,
				012BC950247856DB0035F068 /* Person+CoreDataClass.swift */,
				01F71FB5246A5041007CEFAA /* Colors.swift */,
				012BC95724785FC30035F068 /* Person.swift */,
				012BC959247863BB0035F068 /* PersistenceService.swift */,
				012BC965247A27E40035F068 /* RadioButton.swift */,
				01D876BC247C6C1B003B907B /* University.swift */,
			);
			path = Model;
			sourceTree = "<group>";
		};
		0146A19B259711FB00B47E9D /* Sign Up Flow */ = {
			isa = PBXGroup;
			children = (
				0146A19C259711FB00B47E9D /* selectEventsViewController.swift */,
				0146A19D259711FB00B47E9D /* questionsViewController.swift */,
				0146A19E259711FB00B47E9D /* landingViewController.swift */,
				0146A19F259711FB00B47E9D /* eventTableViewCell.swift */,
			);
			path = "Sign Up Flow";
			sourceTree = "<group>";
		};
		0146A1A72597124900B47E9D /* Profile */ = {
			isa = PBXGroup;
			children = (
				0146A1A82597124900B47E9D /* profileTableViewCell.swift */,
				0146A1A92597124900B47E9D /* profileViewController.swift */,
			);
			path = Profile;
			sourceTree = "<group>";
		};
		0146A1AF2597126C00B47E9D /* Matches Screen */ = {
			isa = PBXGroup;
			children = (
				0146A1B02597126C00B47E9D /* ViewController.swift */,
				0146A1B12597126C00B47E9D /* smallCollectionViewCell.xib */,
				0146A1B22597126C00B47E9D /* smallCellView.swift */,
				0146A1B32597126C00B47E9D /* smallRecTableViewCell.swift */,
				0146A1B42597126C00B47E9D /* smallCollectionViewCell.swift */,
				0146A1B52597126C00B47E9D /* topCellView.swift */,
				0146A1B62597126C00B47E9D /* topCollectionViewCell.xib */,
				0146A1B72597126C00B47E9D /* topRecCollectionViewCell.swift */,
				0146A1B82597126C00B47E9D /* topRecTableViewCell.swift */,
			);
			path = "Matches Screen";
			sourceTree = "<group>";
		};
		0146A1C52597127400B47E9D /* Search Screen */ = {
			isa = PBXGroup;
			children = (
				0146A1C62597127400B47E9D /* searchTableViewController.swift */,
				0146A1C72597127400B47E9D /* searchTableViewCell.swift */,
			);
			path = "Search Screen";
			sourceTree = "<group>";
		};
		0146A1CD2597127B00B47E9D /* University Info */ = {
			isa = PBXGroup;
			children = (
				0146A1CE2597127B00B47E9D /* uniInfoViewController.swift */,
			);
			path = "University Info";
			sourceTree = "<group>";
		};
		01F71F73246A4FCD007CEFAA = {
			isa = PBXGroup;
			children = (
				01F71F7E246A4FCD007CEFAA /* Pheidi */,
				01F71F9A246A4FCF007CEFAA /* PheidiTests */,
				01F71FA5246A4FCF007CEFAA /* PheidiUITests */,
				01F71F7D246A4FCD007CEFAA /* Products */,
				1D1562DD2CA150D9B74F2AF7 /* Pods */,
				150C5514C5A7DB5BECF51AB2 /* Frameworks */,
			);
			sourceTree = "<group>";
		};
		01F71F7D246A4FCD007CEFAA /* Products */ = {
			isa = PBXGroup;
			children = (
				01F71F7C246A4FCD007CEFAA /* Pheidi.app */,
				01F71F97246A4FCF007CEFAA /* PheidiTests.xctest */,
				01F71FA2246A4FCF007CEFAA /* PheidiUITests.xctest */,
			);
			name = Products;
			sourceTree = "<group>";
		};
		01F71F7E246A4FCD007CEFAA /* Pheidi */ = {
			isa = PBXGroup;
			children = (
				01BA28362552069F00923E88 /* Pheidi.entitlements */,
				0146A1CD2597127B00B47E9D /* University Info */,
				0146A1C52597127400B47E9D /* Search Screen */,
				0146A1AF2597126C00B47E9D /* Matches Screen */,
				0146A1A72597124900B47E9D /* Profile */,
				0146A19B259711FB00B47E9D /* Sign Up Flow */,
				012BC95624785FA40035F068 /* Model */,
				01F71FB7246A5284007CEFAA /* Fonts */,
				01F71F7F246A4FCD007CEFAA /* AppDelegate.swift */,
				01F71F81246A4FCD007CEFAA /* SceneDelegate.swift */,
				01F71F87246A4FCD007CEFAA /* Main.storyboard */,
				01F71F8D246A4FCF007CEFAA /* Assets.xcassets */,
				01F71F8F246A4FCF007CEFAA /* LaunchScreen.storyboard */,
				01F71F92246A4FCF007CEFAA /* Info.plist */,
				01BA27B82551F4BC00923E88 /* GoogleService-Info.plist */,
			);
			path = Pheidi;
			sourceTree = "<group>";
		};
		01F71F9A246A4FCF007CEFAA /* PheidiTests */ = {
			isa = PBXGroup;
			children = (
				01F71F9B246A4FCF007CEFAA /* PheidiTests.swift */,
				01F71F9D246A4FCF007CEFAA /* Info.plist */,
			);
			path = PheidiTests;
			sourceTree = "<group>";
		};
		01F71FA5246A4FCF007CEFAA /* PheidiUITests */ = {
			isa = PBXGroup;
			children = (
				01F71FA6246A4FCF007CEFAA /* PheidiUITests.swift */,
				01F71FA8246A4FCF007CEFAA /* Info.plist */,
			);
			path = PheidiUITests;
			sourceTree = "<group>";
		};
		01F71FB7246A5284007CEFAA /* Fonts */ = {
			isa = PBXGroup;
			children = (
				01879B1E2487019B00C1F8FE /* Proxima Nova Thin.otf */,
				01F71FB8246A5343007CEFAA /* Proxima Nova Bold.otf */,
				01F71FBA246A5351007CEFAA /* Proxima Nova Alt Bold.otf */,
				01879B202487021900C1F8FE /* Proxima Nova Alt Light.otf */,
				01879B22248709A700C1F8FE /* ProximaNova-Regular.otf */,
			);
			path = Fonts;
			sourceTree = "<group>";
		};
		150C5514C5A7DB5BECF51AB2 /* Frameworks */ = {
			isa = PBXGroup;
			children = (
				010187542489895E00054841 /* StoreKit.framework */,
				01F71FC4246BA705007CEFAA /* iOSDropDown.framework */,
				275BC19D2D61A4BB3020D96F /* Pods_Pheidi.framework */,
				FFB5CBFDA439949C5ABA6B0A /* Pods_PheidiTests.framework */,
				6C761D1CBD52A228DD8853B4 /* Pods_PheidiUITests.framework */,
			);
			name = Frameworks;
			sourceTree = "<group>";
		};
		1D1562DD2CA150D9B74F2AF7 /* Pods */ = {
			isa = PBXGroup;
			children = (
				1EEE8B316400B7103E4276F0 /* Pods-Pheidi.debug.xcconfig */,
				2B981867DE6B7C7A11455082 /* Pods-Pheidi.release.xcconfig */,
				EE3B1136C2BA1CC86A3645D6 /* Pods-PheidiTests.debug.xcconfig */,
				84027B0CDB33492C0DB0E551 /* Pods-PheidiTests.release.xcconfig */,
				5130B99167B4F9481B154C27 /* Pods-PheidiUITests.debug.xcconfig */,
				497E26C42B628553A79808EB /* Pods-PheidiUITests.release.xcconfig */,
			);
			path = Pods;
			sourceTree = "<group>";
		};
/* End PBXGroup section */

/* Begin PBXNativeTarget section */
		01F71F7B246A4FCD007CEFAA /* Pheidi */ = {
			isa = PBXNativeTarget;
			buildConfigurationList = 01F71FAB246A4FCF007CEFAA /* Build configuration list for PBXNativeTarget "Pheidi" */;
			buildPhases = (
				D79BCA109BBEBA6185798C89 /* [CP] Check Pods Manifest.lock */,
				01F71F78246A4FCD007CEFAA /* Sources */,
				01F71F79246A4FCD007CEFAA /* Frameworks */,
				01F71F7A246A4FCD007CEFAA /* Resources */,
				39EAA87CC1AF90589A8866B4 /* [CP] Embed Pods Frameworks */,
				01018768248C9E1200054841 /* Embed App Extensions */,
			);
			buildRules = (
			);
			dependencies = (
			);
			name = Pheidi;
			packageProductDependencies = (
			);
			productName = Pheidi;
			productReference = 01F71F7C246A4FCD007CEFAA /* Pheidi.app */;
			productType = "com.apple.product-type.application";
		};
		01F71F96246A4FCF007CEFAA /* PheidiTests */ = {
			isa = PBXNativeTarget;
			buildConfigurationList = 01F71FAE246A4FCF007CEFAA /* Build configuration list for PBXNativeTarget "PheidiTests" */;
			buildPhases = (
				42EC274E852069D69A52561A /* [CP] Check Pods Manifest.lock */,
				01F71F93246A4FCF007CEFAA /* Sources */,
				01F71F94246A4FCF007CEFAA /* Frameworks */,
				01F71F95246A4FCF007CEFAA /* Resources */,
			);
			buildRules = (
			);
			dependencies = (
				01F71F99246A4FCF007CEFAA /* PBXTargetDependency */,
			);
			name = PheidiTests;
			productName = PheidiTests;
			productReference = 01F71F97246A4FCF007CEFAA /* PheidiTests.xctest */;
			productType = "com.apple.product-type.bundle.unit-test";
		};
		01F71FA1246A4FCF007CEFAA /* PheidiUITests */ = {
			isa = PBXNativeTarget;
			buildConfigurationList = 01F71FB1246A4FCF007CEFAA /* Build configuration list for PBXNativeTarget "PheidiUITests" */;
			buildPhases = (
				7F79AB28B43BB050A00F7702 /* [CP] Check Pods Manifest.lock */,
				01F71F9E246A4FCF007CEFAA /* Sources */,
				01F71F9F246A4FCF007CEFAA /* Frameworks */,
				01F71FA0246A4FCF007CEFAA /* Resources */,
			);
			buildRules = (
			);
			dependencies = (
				01F71FA4246A4FCF007CEFAA /* PBXTargetDependency */,
			);
			name = PheidiUITests;
			productName = PheidiUITests;
			productReference = 01F71FA2246A4FCF007CEFAA /* PheidiUITests.xctest */;
			productType = "com.apple.product-type.bundle.ui-testing";
		};
/* End PBXNativeTarget section */

/* Begin PBXProject section */
		01F71F74246A4FCD007CEFAA /* Project object */ = {
			isa = PBXProject;
			attributes = {
				LastSwiftUpdateCheck = 1150;
				LastUpgradeCheck = 1130;
				ORGANIZATIONNAME = "Shyam Kumar";
				TargetAttributes = {
					01F71F7B246A4FCD007CEFAA = {
						CreatedOnToolsVersion = 11.3.1;
					};
					01F71F96246A4FCF007CEFAA = {
						CreatedOnToolsVersion = 11.3.1;
						TestTargetID = 01F71F7B246A4FCD007CEFAA;
					};
					01F71FA1246A4FCF007CEFAA = {
						CreatedOnToolsVersion = 11.3.1;
						TestTargetID = 01F71F7B246A4FCD007CEFAA;
					};
				};
			};
			buildConfigurationList = 01F71F77246A4FCD007CEFAA /* Build configuration list for PBXProject "Pheidi" */;
			compatibilityVersion = "Xcode 9.3";
			developmentRegion = en;
			hasScannedForEncodings = 0;
			knownRegions = (
				en,
				Base,
			);
			mainGroup = 01F71F73246A4FCD007CEFAA;
			packageReferences = (
			);
			productRefGroup = 01F71F7D246A4FCD007CEFAA /* Products */;
			projectDirPath = "";
			projectRoot = "";
			targets = (
				01F71F7B246A4FCD007CEFAA /* Pheidi */,
				01F71F96246A4FCF007CEFAA /* PheidiTests */,
				01F71FA1246A4FCF007CEFAA /* PheidiUITests */,
			);
		};
/* End PBXProject section */

/* Begin PBXResourcesBuildPhase section */
		01F71F7A246A4FCD007CEFAA /* Resources */ = {
			isa = PBXResourcesBuildPhase;
			buildActionMask = 2147483647;
			files = (
				01F71F91246A4FCF007CEFAA /* LaunchScreen.storyboard in Resources */,
				01879B1F2487019B00C1F8FE /* Proxima Nova Thin.otf in Resources */,
				0146A1BA2597126C00B47E9D /* smallCollectionViewCell.xib in Resources */,
				01F71FB9246A5343007CEFAA /* Proxima Nova Bold.otf in Resources */,
				01BA27B92551F4BC00923E88 /* GoogleService-Info.plist in Resources */,
				01C9538C247F5DA900723438 /* finalPheidiDataDivision.csv in Resources */,
				01879B1D2484BFD900C1F8FE /* newFullData.csv in Resources */,
				01FD1169247C9772002467F6 /* finalPheidiData.csv in Resources */,
				01879B212487021900C1F8FE /* Proxima Nova Alt Light.otf in Resources */,
				01879B23248709A700C1F8FE /* ProximaNova-Regular.otf in Resources */,
				01BA296825639B3500923E88 /* full_data.csv in Resources */,
				01F71F8E246A4FCF007CEFAA /* Assets.xcassets in Resources */,
				01F71F89246A4FCD007CEFAA /* Main.storyboard in Resources */,
				01F71FBB246A5351007CEFAA /* Proxima Nova Alt Bold.otf in Resources */,
				0146A1BF2597126C00B47E9D /* topCollectionViewCell.xib in Resources */,
			);
			runOnlyForDeploymentPostprocessing = 0;
		};
		01F71F95246A4FCF007CEFAA /* Resources */ = {
			isa = PBXResourcesBuildPhase;
			buildActionMask = 2147483647;
			files = (
			);
			runOnlyForDeploymentPostprocessing = 0;
		};
		01F71FA0246A4FCF007CEFAA /* Resources */ = {
			isa = PBXResourcesBuildPhase;
			buildActionMask = 2147483647;
			files = (
			);
			runOnlyForDeploymentPostprocessing = 0;
		};
/* End PBXResourcesBuildPhase section */

/* Begin PBXShellScriptBuildPhase section */
		39EAA87CC1AF90589A8866B4 /* [CP] Embed Pods Frameworks */ = {
			isa = PBXShellScriptBuildPhase;
			buildActionMask = 2147483647;
			files = (
			);
			inputFileListPaths = (
				"${PODS_ROOT}/Target Support Files/Pods-Pheidi/Pods-Pheidi-frameworks-${CONFIGURATION}-input-files.xcfilelist",
			);
			name = "[CP] Embed Pods Frameworks";
			outputFileListPaths = (
				"${PODS_ROOT}/Target Support Files/Pods-Pheidi/Pods-Pheidi-frameworks-${CONFIGURATION}-output-files.xcfilelist",
			);
			runOnlyForDeploymentPostprocessing = 0;
			shellPath = /bin/sh;
			shellScript = "\"${PODS_ROOT}/Target Support Files/Pods-Pheidi/Pods-Pheidi-frameworks.sh\"\n";
			showEnvVarsInLog = 0;
		};
		42EC274E852069D69A52561A /* [CP] Check Pods Manifest.lock */ = {
			isa = PBXShellScriptBuildPhase;
			buildActionMask = 2147483647;
			files = (
			);
			inputFileListPaths = (
			);
			inputPaths = (
				"${PODS_PODFILE_DIR_PATH}/Podfile.lock",
				"${PODS_ROOT}/Manifest.lock",
			);
			name = "[CP] Check Pods Manifest.lock";
			outputFileListPaths = (
			);
			outputPaths = (
				"$(DERIVED_FILE_DIR)/Pods-PheidiTests-checkManifestLockResult.txt",
			);
			runOnlyForDeploymentPostprocessing = 0;
			shellPath = /bin/sh;
			shellScript = "diff \"${PODS_PODFILE_DIR_PATH}/Podfile.lock\" \"${PODS_ROOT}/Manifest.lock\" > /dev/null\nif [ $? != 0 ] ; then\n    # print error to STDERR\n    echo \"error: The sandbox is not in sync with the Podfile.lock. Run 'pod install' or update your CocoaPods installation.\" >&2\n    exit 1\nfi\n# This output is used by Xcode 'outputs' to avoid re-running this script phase.\necho \"SUCCESS\" > \"${SCRIPT_OUTPUT_FILE_0}\"\n";
			showEnvVarsInLog = 0;
		};
		7F79AB28B43BB050A00F7702 /* [CP] Check Pods Manifest.lock */ = {
			isa = PBXShellScriptBuildPhase;
			buildActionMask = 2147483647;
			files = (
			);
			inputFileListPaths = (
			);
			inputPaths = (
				"${PODS_PODFILE_DIR_PATH}/Podfile.lock",
				"${PODS_ROOT}/Manifest.lock",
			);
			name = "[CP] Check Pods Manifest.lock";
			outputFileListPaths = (
			);
			outputPaths = (
				"$(DERIVED_FILE_DIR)/Pods-PheidiUITests-checkManifestLockResult.txt",
			);
			runOnlyForDeploymentPostprocessing = 0;
			shellPath = /bin/sh;
			shellScript = "diff \"${PODS_PODFILE_DIR_PATH}/Podfile.lock\" \"${PODS_ROOT}/Manifest.lock\" > /dev/null\nif [ $? != 0 ] ; then\n    # print error to STDERR\n    echo \"error: The sandbox is not in sync with the Podfile.lock. Run 'pod install' or update your CocoaPods installation.\" >&2\n    exit 1\nfi\n# This output is used by Xcode 'outputs' to avoid re-running this script phase.\necho \"SUCCESS\" > \"${SCRIPT_OUTPUT_FILE_0}\"\n";
			showEnvVarsInLog = 0;
		};
		D79BCA109BBEBA6185798C89 /* [CP] Check Pods Manifest.lock */ = {
			isa = PBXShellScriptBuildPhase;
			buildActionMask = 2147483647;
			files = (
			);
			inputFileListPaths = (
			);
			inputPaths = (
				"${PODS_PODFILE_DIR_PATH}/Podfile.lock",
				"${PODS_ROOT}/Manifest.lock",
			);
			name = "[CP] Check Pods Manifest.lock";
			outputFileListPaths = (
			);
			outputPaths = (
				"$(DERIVED_FILE_DIR)/Pods-Pheidi-checkManifestLockResult.txt",
			);
			runOnlyForDeploymentPostprocessing = 0;
			shellPath = /bin/sh;
			shellScript = "diff \"${PODS_PODFILE_DIR_PATH}/Podfile.lock\" \"${PODS_ROOT}/Manifest.lock\" > /dev/null\nif [ $? != 0 ] ; then\n    # print error to STDERR\n    echo \"error: The sandbox is not in sync with the Podfile.lock. Run 'pod install' or update your CocoaPods installation.\" >&2\n    exit 1\nfi\n# This output is used by Xcode 'outputs' to avoid re-running this script phase.\necho \"SUCCESS\" > \"${SCRIPT_OUTPUT_FILE_0}\"\n";
			showEnvVarsInLog = 0;
		};
/* End PBXShellScriptBuildPhase section */

/* Begin PBXSourcesBuildPhase section */
		01F71F78246A4FCD007CEFAA /* Sources */ = {
			isa = PBXSourcesBuildPhase;
			buildActionMask = 2147483647;
			files = (
				01D876BD247C6C1B003B907B /* University.swift in Sources */,
				0146A1A2259711FB00B47E9D /* landingViewController.swift in Sources */,
				0146A1BE2597126C00B47E9D /* topCellView.swift in Sources */,
				0146A1A0259711FB00B47E9D /* selectEventsViewController.swift in Sources */,
				0146A1A1259711FB00B47E9D /* questionsViewController.swift in Sources */,
				0146A1C92597127400B47E9D /* searchTableViewCell.swift in Sources */,
				01F71FB6246A5041007CEFAA /* Colors.swift in Sources */,
				012BC966247A27E40035F068 /* RadioButton.swift in Sources */,
				0146A1C82597127400B47E9D /* searchTableViewController.swift in Sources */,
				0146A1BB2597126C00B47E9D /* smallCellView.swift in Sources */,
				0146A1BC2597126C00B47E9D /* smallRecTableViewCell.swift in Sources */,
				0146A1BD2597126C00B47E9D /* smallCollectionViewCell.swift in Sources */,
				0146A1AB2597124900B47E9D /* profileViewController.swift in Sources */,
				0146A1A3259711FB00B47E9D /* eventTableViewCell.swift in Sources */,
				012BC953247856DB0035F068 /* Person+CoreDataProperties.swift in Sources */,
				0146A1B92597126C00B47E9D /* ViewController.swift in Sources */,
				012BC952247856DB0035F068 /* Person+CoreDataClass.swift in Sources */,
				0146A1CF2597127C00B47E9D /* uniInfoViewController.swift in Sources */,
				01F71F8C246A4FCD007CEFAA /* Pheidi.xcdatamodeld in Sources */,
				012BC95A247863BB0035F068 /* PersistenceService.swift in Sources */,
				0146A1C12597126C00B47E9D /* topRecTableViewCell.swift in Sources */,
				0146A1C02597126C00B47E9D /* topRecCollectionViewCell.swift in Sources */,
				01F71F80246A4FCD007CEFAA /* AppDelegate.swift in Sources */,
				01F71F82246A4FCD007CEFAA /* SceneDelegate.swift in Sources */,
				0146A1AA2597124900B47E9D /* profileTableViewCell.swift in Sources */,
				012BC95824785FC30035F068 /* Person.swift in Sources */,
			);
			runOnlyForDeploymentPostprocessing = 0;
		};
		01F71F93246A4FCF007CEFAA /* Sources */ = {
			isa = PBXSourcesBuildPhase;
			buildActionMask = 2147483647;
			files = (
				01F71F9C246A4FCF007CEFAA /* PheidiTests.swift in Sources */,
			);
			runOnlyForDeploymentPostprocessing = 0;
		};
		01F71F9E246A4FCF007CEFAA /* Sources */ = {
			isa = PBXSourcesBuildPhase;
			buildActionMask = 2147483647;
			files = (
				01F71FA7246A4FCF007CEFAA /* PheidiUITests.swift in Sources */,
			);
			runOnlyForDeploymentPostprocessing = 0;
		};
/* End PBXSourcesBuildPhase section */

/* Begin PBXTargetDependency section */
		01F71F99246A4FCF007CEFAA /* PBXTargetDependency */ = {
			isa = PBXTargetDependency;
			target = 01F71F7B246A4FCD007CEFAA /* Pheidi */;
			targetProxy = 01F71F98246A4FCF007CEFAA /* PBXContainerItemProxy */;
		};
		01F71FA4246A4FCF007CEFAA /* PBXTargetDependency */ = {
			isa = PBXTargetDependency;
			target = 01F71F7B246A4FCD007CEFAA /* Pheidi */;
			targetProxy = 01F71FA3246A4FCF007CEFAA /* PBXContainerItemProxy */;
		};
/* End PBXTargetDependency section */

/* Begin PBXVariantGroup section */
		01F71F87246A4FCD007CEFAA /* Main.storyboard */ = {
			isa = PBXVariantGroup;
			children = (
				01F71F88246A4FCD007CEFAA /* Base */,
			);
			name = Main.storyboard;
			sourceTree = "<group>";
		};
		01F71F8F246A4FCF007CEFAA /* LaunchScreen.storyboard */ = {
			isa = PBXVariantGroup;
			children = (
				01F71F90246A4FCF007CEFAA /* Base */,
			);
			name = LaunchScreen.storyboard;
			sourceTree = "<group>";
		};
/* End PBXVariantGroup section */

/* Begin XCBuildConfiguration section */
		01F71FA9246A4FCF007CEFAA /* Debug */ = {
			isa = XCBuildConfiguration;
			buildSettings = {
				ALWAYS_SEARCH_USER_PATHS = NO;
				CLANG_ANALYZER_NONNULL = YES;
				CLANG_ANALYZER_NUMBER_OBJECT_CONVERSION = YES_AGGRESSIVE;
				CLANG_CXX_LANGUAGE_STANDARD = "gnu++14";
				CLANG_CXX_LIBRARY = "libc++";
				CLANG_ENABLE_MODULES = YES;
				CLANG_ENABLE_OBJC_ARC = YES;
				CLANG_ENABLE_OBJC_WEAK = YES;
				CLANG_WARN_BLOCK_CAPTURE_AUTORELEASING = YES;
				CLANG_WARN_BOOL_CONVERSION = YES;
				CLANG_WARN_COMMA = YES;
				CLANG_WARN_CONSTANT_CONVERSION = YES;
				CLANG_WARN_DEPRECATED_OBJC_IMPLEMENTATIONS = YES;
				CLANG_WARN_DIRECT_OBJC_ISA_USAGE = YES_ERROR;
				CLANG_WARN_DOCUMENTATION_COMMENTS = YES;
				CLANG_WARN_EMPTY_BODY = YES;
				CLANG_WARN_ENUM_CONVERSION = YES;
				CLANG_WARN_INFINITE_RECURSION = YES;
				CLANG_WARN_INT_CONVERSION = YES;
				CLANG_WARN_NON_LITERAL_NULL_CONVERSION = YES;
				CLANG_WARN_OBJC_IMPLICIT_RETAIN_SELF = YES;
				CLANG_WARN_OBJC_LITERAL_CONVERSION = YES;
				CLANG_WARN_OBJC_ROOT_CLASS = YES_ERROR;
				CLANG_WARN_RANGE_LOOP_ANALYSIS = YES;
				CLANG_WARN_STRICT_PROTOTYPES = YES;
				CLANG_WARN_SUSPICIOUS_MOVE = YES;
				CLANG_WARN_UNGUARDED_AVAILABILITY = YES_AGGRESSIVE;
				CLANG_WARN_UNREACHABLE_CODE = YES;
				CLANG_WARN__DUPLICATE_METHOD_MATCH = YES;
				COPY_PHASE_STRIP = NO;
				DEBUG_INFORMATION_FORMAT = dwarf;
				ENABLE_STRICT_OBJC_MSGSEND = YES;
				ENABLE_TESTABILITY = YES;
				GCC_C_LANGUAGE_STANDARD = gnu11;
				GCC_DYNAMIC_NO_PIC = NO;
				GCC_NO_COMMON_BLOCKS = YES;
				GCC_OPTIMIZATION_LEVEL = 0;
				GCC_PREPROCESSOR_DEFINITIONS = (
					"DEBUG=1",
					"$(inherited)",
				);
				GCC_WARN_64_TO_32_BIT_CONVERSION = YES;
				GCC_WARN_ABOUT_RETURN_TYPE = YES_ERROR;
				GCC_WARN_UNDECLARED_SELECTOR = YES;
				GCC_WARN_UNINITIALIZED_AUTOS = YES_AGGRESSIVE;
				GCC_WARN_UNUSED_FUNCTION = YES;
				GCC_WARN_UNUSED_VARIABLE = YES;
				IPHONEOS_DEPLOYMENT_TARGET = 13.2;
				MTL_ENABLE_DEBUG_INFO = INCLUDE_SOURCE;
				MTL_FAST_MATH = YES;
				ONLY_ACTIVE_ARCH = YES;
				SDKROOT = iphoneos;
				SWIFT_ACTIVE_COMPILATION_CONDITIONS = DEBUG;
				SWIFT_OPTIMIZATION_LEVEL = "-Onone";
			};
			name = Debug;
		};
		01F71FAA246A4FCF007CEFAA /* Release */ = {
			isa = XCBuildConfiguration;
			buildSettings = {
				ALWAYS_SEARCH_USER_PATHS = NO;
				CLANG_ANALYZER_NONNULL = YES;
				CLANG_ANALYZER_NUMBER_OBJECT_CONVERSION = YES_AGGRESSIVE;
				CLANG_CXX_LANGUAGE_STANDARD = "gnu++14";
				CLANG_CXX_LIBRARY = "libc++";
				CLANG_ENABLE_MODULES = YES;
				CLANG_ENABLE_OBJC_ARC = YES;
				CLANG_ENABLE_OBJC_WEAK = YES;
				CLANG_WARN_BLOCK_CAPTURE_AUTORELEASING = YES;
				CLANG_WARN_BOOL_CONVERSION = YES;
				CLANG_WARN_COMMA = YES;
				CLANG_WARN_CONSTANT_CONVERSION = YES;
				CLANG_WARN_DEPRECATED_OBJC_IMPLEMENTATIONS = YES;
				CLANG_WARN_DIRECT_OBJC_ISA_USAGE = YES_ERROR;
				CLANG_WARN_DOCUMENTATION_COMMENTS = YES;
				CLANG_WARN_EMPTY_BODY = YES;
				CLANG_WARN_ENUM_CONVERSION = YES;
				CLANG_WARN_INFINITE_RECURSION = YES;
				CLANG_WARN_INT_CONVERSION = YES;
				CLANG_WARN_NON_LITERAL_NULL_CONVERSION = YES;
				CLANG_WARN_OBJC_IMPLICIT_RETAIN_SELF = YES;
				CLANG_WARN_OBJC_LITERAL_CONVERSION = YES;
				CLANG_WARN_OBJC_ROOT_CLASS = YES_ERROR;
				CLANG_WARN_RANGE_LOOP_ANALYSIS = YES;
				CLANG_WARN_STRICT_PROTOTYPES = YES;
				CLANG_WARN_SUSPICIOUS_MOVE = YES;
				CLANG_WARN_UNGUARDED_AVAILABILITY = YES_AGGRESSIVE;
				CLANG_WARN_UNREACHABLE_CODE = YES;
				CLANG_WARN__DUPLICATE_METHOD_MATCH = YES;
				COPY_PHASE_STRIP = NO;
				DEBUG_INFORMATION_FORMAT = "dwarf-with-dsym";
				ENABLE_NS_ASSERTIONS = NO;
				ENABLE_STRICT_OBJC_MSGSEND = YES;
				GCC_C_LANGUAGE_STANDARD = gnu11;
				GCC_NO_COMMON_BLOCKS = YES;
				GCC_WARN_64_TO_32_BIT_CONVERSION = YES;
				GCC_WARN_ABOUT_RETURN_TYPE = YES_ERROR;
				GCC_WARN_UNDECLARED_SELECTOR = YES;
				GCC_WARN_UNINITIALIZED_AUTOS = YES_AGGRESSIVE;
				GCC_WARN_UNUSED_FUNCTION = YES;
				GCC_WARN_UNUSED_VARIABLE = YES;
				IPHONEOS_DEPLOYMENT_TARGET = 13.2;
				MTL_ENABLE_DEBUG_INFO = NO;
				MTL_FAST_MATH = YES;
				SDKROOT = iphoneos;
				SWIFT_COMPILATION_MODE = wholemodule;
				SWIFT_OPTIMIZATION_LEVEL = "-O";
				VALIDATE_PRODUCT = YES;
			};
			name = Release;
		};
		01F71FAC246A4FCF007CEFAA /* Debug */ = {
			isa = XCBuildConfiguration;
			baseConfigurationReference = 1EEE8B316400B7103E4276F0 /* Pods-Pheidi.debug.xcconfig */;
			buildSettings = {
				ASSETCATALOG_COMPILER_APPICON_NAME = AppIcon;
				CODE_SIGN_ENTITLEMENTS = Pheidi/Pheidi.entitlements;
				CODE_SIGN_STYLE = Automatic;
				CURRENT_PROJECT_VERSION = 1;
				DEVELOPMENT_TEAM = PM79C3BXFD;
				INFOPLIST_FILE = Pheidi/Info.plist;
				IPHONEOS_DEPLOYMENT_TARGET = 13.2;
				LD_RUNPATH_SEARCH_PATHS = (
					"$(inherited)",
					"@executable_path/Frameworks",
				);
				MARKETING_VERSION = 2.1.0;
				PRODUCT_BUNDLE_IDENTIFIER = "Shyam-Kumar.teamConnect";
				PRODUCT_NAME = "$(TARGET_NAME)";
				SWIFT_VERSION = 5.0;
				TARGETED_DEVICE_FAMILY = 1;
			};
			name = Debug;
		};
		01F71FAD246A4FCF007CEFAA /* Release */ = {
			isa = XCBuildConfiguration;
			baseConfigurationReference = 2B981867DE6B7C7A11455082 /* Pods-Pheidi.release.xcconfig */;
			buildSettings = {
				ASSETCATALOG_COMPILER_APPICON_NAME = AppIcon;
				CODE_SIGN_ENTITLEMENTS = Pheidi/Pheidi.entitlements;
				CODE_SIGN_STYLE = Automatic;
				CURRENT_PROJECT_VERSION = 1;
				DEVELOPMENT_TEAM = PM79C3BXFD;
				INFOPLIST_FILE = Pheidi/Info.plist;
				IPHONEOS_DEPLOYMENT_TARGET = 13.2;
				LD_RUNPATH_SEARCH_PATHS = (
					"$(inherited)",
					"@executable_path/Frameworks",
				);
				MARKETING_VERSION = 2.1.0;
				PRODUCT_BUNDLE_IDENTIFIER = "Shyam-Kumar.teamConnect";
				PRODUCT_NAME = "$(TARGET_NAME)";
				SWIFT_VERSION = 5.0;
				TARGETED_DEVICE_FAMILY = 1;
			};
			name = Release;
		};
		01F71FAF246A4FCF007CEFAA /* Debug */ = {
			isa = XCBuildConfiguration;
			baseConfigurationReference = EE3B1136C2BA1CC86A3645D6 /* Pods-PheidiTests.debug.xcconfig */;
			buildSettings = {
				ALWAYS_EMBED_SWIFT_STANDARD_LIBRARIES = YES;
				BUNDLE_LOADER = "$(TEST_HOST)";
				CODE_SIGN_STYLE = Automatic;
				INFOPLIST_FILE = PheidiTests/Info.plist;
				IPHONEOS_DEPLOYMENT_TARGET = 13.2;
				LD_RUNPATH_SEARCH_PATHS = (
					"$(inherited)",
					"@executable_path/Frameworks",
					"@loader_path/Frameworks",
				);
				PRODUCT_BUNDLE_IDENTIFIER = "Shyam-Kumar.PheidiTests";
				PRODUCT_NAME = "$(TARGET_NAME)";
				SWIFT_VERSION = 5.0;
				TARGETED_DEVICE_FAMILY = "1,2";
				TEST_HOST = "$(BUILT_PRODUCTS_DIR)/Pheidi.app/Pheidi";
			};
			name = Debug;
		};
		01F71FB0246A4FCF007CEFAA /* Release */ = {
			isa = XCBuildConfiguration;
			baseConfigurationReference = 84027B0CDB33492C0DB0E551 /* Pods-PheidiTests.release.xcconfig */;
			buildSettings = {
				ALWAYS_EMBED_SWIFT_STANDARD_LIBRARIES = YES;
				BUNDLE_LOADER = "$(TEST_HOST)";
				CODE_SIGN_STYLE = Automatic;
				INFOPLIST_FILE = PheidiTests/Info.plist;
				IPHONEOS_DEPLOYMENT_TARGET = 13.2;
				LD_RUNPATH_SEARCH_PATHS = (
					"$(inherited)",
					"@executable_path/Frameworks",
					"@loader_path/Frameworks",
				);
				PRODUCT_BUNDLE_IDENTIFIER = "Shyam-Kumar.PheidiTests";
				PRODUCT_NAME = "$(TARGET_NAME)";
				SWIFT_VERSION = 5.0;
				TARGETED_DEVICE_FAMILY = "1,2";
				TEST_HOST = "$(BUILT_PRODUCTS_DIR)/Pheidi.app/Pheidi";
			};
			name = Release;
		};
		01F71FB2246A4FCF007CEFAA /* Debug */ = {
			isa = XCBuildConfiguration;
			baseConfigurationReference = 5130B99167B4F9481B154C27 /* Pods-PheidiUITests.debug.xcconfig */;
			buildSettings = {
				ALWAYS_EMBED_SWIFT_STANDARD_LIBRARIES = YES;
				CODE_SIGN_STYLE = Automatic;
				INFOPLIST_FILE = PheidiUITests/Info.plist;
				LD_RUNPATH_SEARCH_PATHS = (
					"$(inherited)",
					"@executable_path/Frameworks",
					"@loader_path/Frameworks",
				);
				PRODUCT_BUNDLE_IDENTIFIER = "Shyam-Kumar.PheidiUITests";
				PRODUCT_NAME = "$(TARGET_NAME)";
				SWIFT_VERSION = 5.0;
				TARGETED_DEVICE_FAMILY = "1,2";
				TEST_TARGET_NAME = Pheidi;
			};
			name = Debug;
		};
		01F71FB3246A4FCF007CEFAA /* Release */ = {
			isa = XCBuildConfiguration;
			baseConfigurationReference = 497E26C42B628553A79808EB /* Pods-PheidiUITests.release.xcconfig */;
			buildSettings = {
				ALWAYS_EMBED_SWIFT_STANDARD_LIBRARIES = YES;
				CODE_SIGN_STYLE = Automatic;
				INFOPLIST_FILE = PheidiUITests/Info.plist;
				LD_RUNPATH_SEARCH_PATHS = (
					"$(inherited)",
					"@executable_path/Frameworks",
					"@loader_path/Frameworks",
				);
				PRODUCT_BUNDLE_IDENTIFIER = "Shyam-Kumar.PheidiUITests";
				PRODUCT_NAME = "$(TARGET_NAME)";
				SWIFT_VERSION = 5.0;
				TARGETED_DEVICE_FAMILY = "1,2";
				TEST_TARGET_NAME = Pheidi;
			};
			name = Release;
		};
/* End XCBuildConfiguration section */

/* Begin XCConfigurationList section */
		01F71F77246A4FCD007CEFAA /* Build configuration list for PBXProject "Pheidi" */ = {
			isa = XCConfigurationList;
			buildConfigurations = (
				01F71FA9246A4FCF007CEFAA /* Debug */,
				01F71FAA246A4FCF007CEFAA /* Release */,
			);
			defaultConfigurationIsVisible = 0;
			defaultConfigurationName = Release;
		};
		01F71FAB246A4FCF007CEFAA /* Build configuration list for PBXNativeTarget "Pheidi" */ = {
			isa = XCConfigurationList;
			buildConfigurations = (
				01F71FAC246A4FCF007CEFAA /* Debug */,
				01F71FAD246A4FCF007CEFAA /* Release */,
			);
			defaultConfigurationIsVisible = 0;
			defaultConfigurationName = Release;
		};
		01F71FAE246A4FCF007CEFAA /* Build configuration list for PBXNativeTarget "PheidiTests" */ = {
			isa = XCConfigurationList;
			buildConfigurations = (
				01F71FAF246A4FCF007CEFAA /* Debug */,
				01F71FB0246A4FCF007CEFAA /* Release */,
			);
			defaultConfigurationIsVisible = 0;
			defaultConfigurationName = Release;
		};
		01F71FB1246A4FCF007CEFAA /* Build configuration list for PBXNativeTarget "PheidiUITests" */ = {
			isa = XCConfigurationList;
			buildConfigurations = (
				01F71FB2246A4FCF007CEFAA /* Debug */,
				01F71FB3246A4FCF007CEFAA /* Release */,
			);
			defaultConfigurationIsVisible = 0;
			defaultConfigurationName = Release;
		};
/* End XCConfigurationList section */

/* Begin XCVersionGroup section */
		01F71F8A246A4FCD007CEFAA /* Pheidi.xcdatamodeld */ = {
			isa = XCVersionGroup;
			children = (
				01F71F8B246A4FCD007CEFAA /* Pheidi.xcdatamodel */,
			);
			currentVersion = 01F71F8B246A4FCD007CEFAA /* Pheidi.xcdatamodel */;
			path = Pheidi.xcdatamodeld;
			sourceTree = "<group>";
			versionGroupType = wrapper.xcdatamodel;
		};
/* End XCVersionGroup section */
	};
	rootObject = 01F71F74246A4FCD007CEFAA /* Project object */;
}
